
Microsoft Visual Studio Solution File, Format Version 12.00
# Visual Studio 15
VisualStudioVersion = 15.0.28307.168
MinimumVisualStudioVersion = 10.0.40219.1
Project("{FAE04EC0-301F-11D3-BF4B-00C04F79EFBC}") = "travelmos", "travelmos\travelmos.csproj", "{77E97023-45DE-4DF5-BE9E-3C32D65FDD36}"
EndProject
Global
	GlobalSection(SolutionConfigurationPlatforms) = preSolution
		Debug|Any CPU = Debug|Any CPU
		Release|Any CPU = Release|Any CPU
	EndGlobalSection
	GlobalSection(ProjectConfigurationPlatforms) = postSolution
		{77E97023-45DE-4DF5-BE9E-3C32D65FDD36}.Debug|Any CPU.ActiveCfg = Debug|Any CPU
		{77E97023-45DE-4DF5-BE9E-3C32D65FDD36}.Debug|Any CPU.Build.0 = Debug|Any CPU
		{77E97023-45DE-4DF5-BE9E-3C32D65FDD36}.Release|Any CPU.ActiveCfg = Release|Any CPU
		{77E97023-45DE-4DF5-BE9E-3C32D65FDD36}.Release|Any CPU.Build.0 = Release|Any CPU
	EndGlobalSection
	GlobalSection(SolutionProperties) = preSolution
		HideSolutionNode = FALSE
	EndGlobalSection
	GlobalSection(ExtensibilityGlobals) = postSolution
		SolutionGuid = {B8F70735-4BB1-4B81-9E6E-21909052DBB8}
	EndGlobalSection
EndGlobal
